{
  "version": 4,
  "terraform_version": "1.5.0",
  "serial": 67,
  "lineage": "00847f78-0f27-8e77-be67-3c17e52d53a1",
  "outputs": {},
  "resources": [
    {
      "mode": "data",
      "type": "azuread_user",
      "name": "current_user",
      "provider": "provider[\"registry.terraform.io/hashicorp/azuread\"]",
      "instances": [
        {
          "schema_version": 0,
          "attributes": {
            "account_enabled": true,
            "age_group": "",
            "business_phones": [
              "+1 (919) 4743614"
            ],
            "city": "Malvern",
            "company_name": "Microsoft Federal",
            "consent_provided_for_minor": "",
            "cost_center": null,
            "country": "",
            "creation_type": "",
            "department": "Fed_ISD_DOD ISD_DD ConsultantSr 1001",
            "display_name": "Dan Reist",
            "division": null,
            "employee_id": "",
            "employee_type": "",
            "external_user_state": "",
            "fax_number": "",
            "given_name": "Dan",
            "id": "203ba371-44c6-4d41-b519-26e078773280",
            "im_addresses": [
              "dareist@microsoft.com"
            ],
            "job_title": "SR CONSULTANT DATAPLAT",
            "mail": "dareist@microsoft.com",
            "mail_nickname": "dareist",
            "manager_id": "266ab173-5c44-4f30-8830-b77d4a09690d",
            "mobile_phone": "",
            "object_id": "203ba371-44c6-4d41-b519-26e078773280",
            "office_location": "MALVERN/Mobile",
            "onpremises_distinguished_name": "CN=Dan Reist,OU=MSE,OU=Users,OU=CoreIdentity,DC=northamerica,DC=corp,DC=microsoft,DC=com",
            "onpremises_domain_name": "northamerica.corp.microsoft.com",
            "onpremises_immutable_id": "799137",
            "onpremises_sam_account_name": "dareist",
            "onpremises_security_identifier": "S-1-5-21-124525095-708259637-1543119021-1519922",
            "onpremises_sync_enabled": true,
            "onpremises_user_principal_name": "dareist@microsoft.com",
            "other_mails": [],
            "postal_code": "",
            "preferred_language": "",
            "proxy_addresses": [
              "smtp:dareist@sales.microsoft.com",
              "smtp:dareist@exmail.microsoft.com",
              "smtp:Dan.Reist@microsoft.com",
              "SMTP:dareist@microsoft.com",
              "X500:/o=microsoft/ou=Exchange Administrative Group (FYDIBOHF23SPDLT)/cn=Recipients/cn=Dan Reist84b",
              "smtp:dareist@service.microsoft.com",
              "smtp:dareist@microsoft.onmicrosoft.com",
              "X500:/o=microsoft/ou=External (FYDIBOHF25SPDLT)/cn=Recipients/cn=efc6683863f24fdaa955cf5a78280b0d",
              "X500:/o=SDF/ou=Exchange Administrative Group (FYDIBOHF23SPDLT)/cn=Recipients/cn=37613dd2ec9e4cf49a7b44aba1a35df4-Dan Reist",
              "X500:/o=ExchangeLabs/ou=Exchange Administrative Group (FYDIBOHF23SPDLT)/cn=Recipients/cn=70b3793bd93244d3885778fd517602a9-Dan Reist",
              "X500:/o=microsoft/ou=Exchange Administrative Group (FYDIBOHF23SPDLT)/cn=Recipients/cn=Dan Reista6a",
              "X500:/O=Nokia/OU=HUB/cn=Recipients/cn=dareist",
              "X500:/o=microsoft/ou=Exchange Administrative Group (FYDIBOHF23SPDLT)/cn=Recipients/cn=Dan Reist707",
              "X500:/o=MMS/ou=Exchange Administrative Group (FYDIBOHF23SPDLT)/cn=Recipients/cn=Dan Reistfc5654e8-11bb-4226-9e6f-a52cf5786ed0"
            ],
            "show_in_address_list": false,
            "state": "",
            "street_address": "",
            "surname": "Reist",
            "timeouts": null,
            "usage_location": "US",
            "user_principal_name": "dareist@microsoft.com",
            "user_type": "Member"
          },
          "sensitive_attributes": []
        }
      ]
    },
    {
      "mode": "data",
      "type": "azurerm_client_config",
      "name": "current",
      "provider": "provider[\"registry.terraform.io/hashicorp/azurerm\"]",
      "instances": [
        {
          "schema_version": 0,
          "attributes": {
            "client_id": "04b07795-8ddb-461a-bbee-02f9e1bf7b46",
            "id": "Y2xpZW50Q29uZmlncy9jbGllbnRJZD0wNGIwNzc5NS04ZGRiLTQ2MWEtYmJlZS0wMmY5ZTFiZjdiNDY7b2JqZWN0SWQ9MjAzYmEzNzEtNDRjNi00ZDQxLWI1MTktMjZlMDc4NzczMjgwO3N1YnNjcmlwdGlvbklkPWNiMDM0OGEyLTcxNWYtNGFkZC1iMDI5LWM1MjE4ODkxNDhlNDt0ZW5hbnRJZD03MmY5ODhiZi04NmYxLTQxYWYtOTFhYi0yZDdjZDAxMWRiNDc=",
            "object_id": "203ba371-44c6-4d41-b519-26e078773280",
            "subscription_id": "cb0348a2-715f-4add-b029-c521889148e4",
            "tenant_id": "72f988bf-86f1-41af-91ab-2d7cd011db47",
            "timeouts": null
          },
          "sensitive_attributes": []
        }
      ]
    },
    {
      "mode": "managed",
      "type": "azurerm_application_insights",
      "name": "app_insights",
      "provider": "provider[\"registry.terraform.io/hashicorp/azurerm\"]",
      "instances": [
        {
          "schema_version": 1,
          "attributes": {
            "app_id": "e6244123-aaef-40fb-9c63-185201ccb12a",
            "application_type": "web",
            "connection_string": "InstrumentationKey=950d9369-429b-4a5b-aa90-0916cc6e689b;IngestionEndpoint=https://eastus2-3.in.applicationinsights.azure.com/;LiveEndpoint=https://eastus2.livediagnostics.monitor.azure.com/",
            "daily_data_cap_in_gb": 100,
            "daily_data_cap_notifications_disabled": false,
            "disable_ip_masking": false,
            "force_customer_storage_for_profiler": false,
            "id": "/subscriptions/cb0348a2-715f-4add-b029-c521889148e4/resourceGroups/Reist-HWFA-RG/providers/Microsoft.Insights/components/Reist-HWFA-AI",
            "instrumentation_key": "950d9369-429b-4a5b-aa90-0916cc6e689b",
            "internet_ingestion_enabled": true,
            "internet_query_enabled": true,
            "local_authentication_disabled": false,
            "location": "eastus2",
            "name": "Reist-HWFA-AI",
            "resource_group_name": "Reist-HWFA-RG",
            "retention_in_days": 90,
            "sampling_percentage": 100,
            "tags": {
              "Application": "Hello World Function App",
              "CreatedBy": "dareist",
              "CreatedDate": "2023-11-16T22:41:34Z"
            },
            "timeouts": null,
            "workspace_id": "/subscriptions/cb0348a2-715f-4add-b029-c521889148e4/resourceGroups/Reist-HWFA-RG/providers/Microsoft.OperationalInsights/workspaces/reist-hwfa-law"
          },
          "sensitive_attributes": [],
          "private": "eyJlMmJmYjczMC1lY2FhLTExZTYtOGY4OC0zNDM2M2JjN2M0YzAiOnsiY3JlYXRlIjozNjAwMDAwMDAwMDAwLCJkZWxldGUiOjE4MDAwMDAwMDAwMDAsInJlYWQiOjMwMDAwMDAwMDAwMCwidXBkYXRlIjoxODAwMDAwMDAwMDAwfSwic2NoZW1hX3ZlcnNpb24iOiIxIn0=",
          "dependencies": [
            "azurerm_log_analytics_workspace.log_analytics",
            "azurerm_resource_group.resource_group",
            "data.azuread_user.current_user",
            "data.azurerm_client_config.current"
          ]
        }
      ]
    },
    {
      "mode": "managed",
      "type": "azurerm_log_analytics_workspace",
      "name": "log_analytics",
      "provider": "provider[\"registry.terraform.io/hashicorp/azurerm\"]",
      "instances": [
        {
          "schema_version": 3,
          "attributes": {
            "allow_resource_only_permissions": true,
            "cmk_for_query_forced": false,
            "daily_quota_gb": -1,
            "data_collection_rule_id": "",
            "id": "/subscriptions/cb0348a2-715f-4add-b029-c521889148e4/resourceGroups/Reist-HWFA-RG/providers/Microsoft.OperationalInsights/workspaces/reist-hwfa-law",
            "internet_ingestion_enabled": true,
            "internet_query_enabled": true,
            "local_authentication_disabled": false,
            "location": "eastus2",
            "name": "reist-hwfa-law",
            "primary_shared_key": "PdoEB/mYI/KXHhzQIDpg8Vo6UPreMJ9NFzMvgGNC4gLKRySuks6X5bTu+zI00bvcFoWk6xM64yD0kUo3FvHDng==",
            "reservation_capacity_in_gb_per_day": null,
            "resource_group_name": "Reist-HWFA-RG",
            "retention_in_days": 90,
            "secondary_shared_key": "FCRfU8lFv6TfkkOrW3cN/TW8m8EuUAMdLN2brj0JOyB8RtaXsvgbeZcSQ3wmxcpu0LccJCepz1QYkQ4Fl7pYsw==",
            "sku": "PerGB2018",
            "tags": {
              "Application": "Hello World Function App",
              "CreatedBy": "dareist",
              "CreatedDate": "2023-11-16T22:41:34Z"
            },
            "timeouts": null,
            "workspace_id": "7ba9211f-0aea-45da-a39b-b74cf13af0f1"
          },
          "sensitive_attributes": [],
          "private": "eyJlMmJmYjczMC1lY2FhLTExZTYtOGY4OC0zNDM2M2JjN2M0YzAiOnsiY3JlYXRlIjoxODAwMDAwMDAwMDAwLCJkZWxldGUiOjE4MDAwMDAwMDAwMDAsInJlYWQiOjMwMDAwMDAwMDAwMCwidXBkYXRlIjoxODAwMDAwMDAwMDAwfSwic2NoZW1hX3ZlcnNpb24iOiIzIn0=",
          "dependencies": [
            "azurerm_resource_group.resource_group",
            "data.azuread_user.current_user",
            "data.azurerm_client_config.current"
          ]
        }
      ]
    },
    {
      "mode": "managed",
      "type": "azurerm_monitor_private_link_scope",
      "name": "azure_monitor_private_link_scope",
      "provider": "provider[\"registry.terraform.io/hashicorp/azurerm\"]",
      "instances": [
        {
          "schema_version": 0,
          "attributes": {
            "id": "/subscriptions/cb0348a2-715f-4add-b029-c521889148e4/resourceGroups/Reist-HWFA-RG/providers/Microsoft.Insights/privateLinkScopes/Reist-HWFA-AMPLS",
            "name": "Reist-HWFA-AMPLS",
            "resource_group_name": "Reist-HWFA-RG",
            "tags": {
              "Application": "Hello World Function App",
              "CreatedBy": "dareist",
              "CreatedDate": "2023-11-16T22:52:30Z"
            },
            "timeouts": null
          },
          "sensitive_attributes": [],
          "private": "eyJlMmJmYjczMC1lY2FhLTExZTYtOGY4OC0zNDM2M2JjN2M0YzAiOnsiY3JlYXRlIjoxODAwMDAwMDAwMDAwLCJkZWxldGUiOjE4MDAwMDAwMDAwMDAsInJlYWQiOjMwMDAwMDAwMDAwMCwidXBkYXRlIjoxODAwMDAwMDAwMDAwfX0=",
          "dependencies": [
            "azurerm_resource_group.resource_group",
            "data.azuread_user.current_user",
            "data.azurerm_client_config.current"
          ]
        }
      ]
    },
    {
      "mode": "managed",
      "type": "azurerm_monitor_private_link_scoped_service",
      "name": "private_link_scope_to_app_insights",
      "provider": "provider[\"registry.terraform.io/hashicorp/azurerm\"]",
      "instances": [
        {
          "schema_version": 0,
          "attributes": {
            "id": "/subscriptions/cb0348a2-715f-4add-b029-c521889148e4/resourceGroups/Reist-HWFA-RG/providers/Microsoft.Insights/privateLinkScopes/Reist-HWFA-AMPLS/scopedResources/Reist-HWFA-AI",
            "linked_resource_id": "/subscriptions/cb0348a2-715f-4add-b029-c521889148e4/resourcegroups/reist-hwfa-rg/providers/microsoft.insights/components/reist-hwfa-ai",
            "name": "Reist-HWFA-AI",
            "resource_group_name": "Reist-HWFA-RG",
            "scope_name": "Reist-HWFA-AMPLS",
            "timeouts": null
          },
          "sensitive_attributes": [],
          "private": "eyJlMmJmYjczMC1lY2FhLTExZTYtOGY4OC0zNDM2M2JjN2M0YzAiOnsiY3JlYXRlIjoxODAwMDAwMDAwMDAwLCJkZWxldGUiOjE4MDAwMDAwMDAwMDAsInJlYWQiOjMwMDAwMDAwMDAwMCwidXBkYXRlIjoxODAwMDAwMDAwMDAwfX0=",
          "dependencies": [
            "azurerm_application_insights.app_insights",
            "azurerm_log_analytics_workspace.log_analytics",
            "azurerm_monitor_private_link_scope.azure_monitor_private_link_scope",
            "azurerm_resource_group.resource_group",
            "data.azuread_user.current_user",
            "data.azurerm_client_config.current"
          ]
        }
      ]
    },
    {
      "mode": "managed",
      "type": "azurerm_private_dns_zone",
      "name": "virtual_network_private_dns_zones",
      "provider": "provider[\"registry.terraform.io/hashicorp/azurerm\"]",
      "instances": [
        {
          "index_key": "privatelink.agentsvc.azure-automation.us",
          "schema_version": 0,
          "attributes": {
            "id": "/subscriptions/cb0348a2-715f-4add-b029-c521889148e4/resourceGroups/Reist-HWFA-RG/providers/Microsoft.Network/privateDnsZones/privatelink.agentsvc.azure-automation.us",
            "max_number_of_record_sets": 25000,
            "max_number_of_virtual_network_links": 1000,
            "max_number_of_virtual_network_links_with_registration": 100,
            "name": "privatelink.agentsvc.azure-automation.us",
            "number_of_record_sets": 1,
            "resource_group_name": "Reist-HWFA-RG",
            "soa_record": [
              {
                "email": "azureprivatedns-host.microsoft.com",
                "expire_time": 2419200,
                "fqdn": "privatelink.agentsvc.azure-automation.us.",
                "host_name": "azureprivatedns.net",
                "minimum_ttl": 10,
                "refresh_time": 3600,
                "retry_time": 300,
                "serial_number": 1,
                "tags": {},
                "ttl": 3600
              }
            ],
            "tags": {
              "Application": "Hello World Function App",
              "CreatedBy": "dareist",
              "CreatedDate": "2023-11-16T22:52:30Z"
            },
            "timeouts": null
          },
          "sensitive_attributes": [],
          "private": "eyJlMmJmYjczMC1lY2FhLTExZTYtOGY4OC0zNDM2M2JjN2M0YzAiOnsiY3JlYXRlIjoxODAwMDAwMDAwMDAwLCJkZWxldGUiOjE4MDAwMDAwMDAwMDAsInJlYWQiOjMwMDAwMDAwMDAwMCwidXBkYXRlIjoxODAwMDAwMDAwMDAwfX0=",
          "dependencies": [
            "azurerm_resource_group.resource_group",
            "data.azuread_user.current_user",
            "data.azurerm_client_config.current"
          ]
        },
        {
          "index_key": "privatelink.blob.core.usgovcloudapi.net",
          "schema_version": 0,
          "attributes": {
            "id": "/subscriptions/cb0348a2-715f-4add-b029-c521889148e4/resourceGroups/Reist-HWFA-RG/providers/Microsoft.Network/privateDnsZones/privatelink.blob.core.usgovcloudapi.net",
            "max_number_of_record_sets": 25000,
            "max_number_of_virtual_network_links": 1000,
            "max_number_of_virtual_network_links_with_registration": 100,
            "name": "privatelink.blob.core.usgovcloudapi.net",
            "number_of_record_sets": 1,
            "resource_group_name": "Reist-HWFA-RG",
            "soa_record": [
              {
                "email": "azureprivatedns-host.microsoft.com",
                "expire_time": 2419200,
                "fqdn": "privatelink.blob.core.usgovcloudapi.net.",
                "host_name": "azureprivatedns.net",
                "minimum_ttl": 10,
                "refresh_time": 3600,
                "retry_time": 300,
                "serial_number": 1,
                "tags": {},
                "ttl": 3600
              }
            ],
            "tags": {
              "Application": "Hello World Function App",
              "CreatedBy": "dareist",
              "CreatedDate": "2023-11-16T22:52:30Z"
            },
            "timeouts": null
          },
          "sensitive_attributes": [],
          "private": "eyJlMmJmYjczMC1lY2FhLTExZTYtOGY4OC0zNDM2M2JjN2M0YzAiOnsiY3JlYXRlIjoxODAwMDAwMDAwMDAwLCJkZWxldGUiOjE4MDAwMDAwMDAwMDAsInJlYWQiOjMwMDAwMDAwMDAwMCwidXBkYXRlIjoxODAwMDAwMDAwMDAwfX0=",
          "dependencies": [
            "azurerm_resource_group.resource_group",
            "data.azuread_user.current_user",
            "data.azurerm_client_config.current"
          ]
        },
        {
          "index_key": "privatelink.monitor.azure.us",
          "schema_version": 0,
          "attributes": {
            "id": "/subscriptions/cb0348a2-715f-4add-b029-c521889148e4/resourceGroups/Reist-HWFA-RG/providers/Microsoft.Network/privateDnsZones/privatelink.monitor.azure.us",
            "max_number_of_record_sets": 25000,
            "max_number_of_virtual_network_links": 1000,
            "max_number_of_virtual_network_links_with_registration": 100,
            "name": "privatelink.monitor.azure.us",
            "number_of_record_sets": 1,
            "resource_group_name": "Reist-HWFA-RG",
            "soa_record": [
              {
                "email": "azureprivatedns-host.microsoft.com",
                "expire_time": 2419200,
                "fqdn": "privatelink.monitor.azure.us.",
                "host_name": "azureprivatedns.net",
                "minimum_ttl": 10,
                "refresh_time": 3600,
                "retry_time": 300,
                "serial_number": 1,
                "tags": {},
                "ttl": 3600
              }
            ],
            "tags": {
              "Application": "Hello World Function App",
              "CreatedBy": "dareist",
              "CreatedDate": "2023-11-16T22:52:30Z"
            },
            "timeouts": null
          },
          "sensitive_attributes": [],
          "private": "eyJlMmJmYjczMC1lY2FhLTExZTYtOGY4OC0zNDM2M2JjN2M0YzAiOnsiY3JlYXRlIjoxODAwMDAwMDAwMDAwLCJkZWxldGUiOjE4MDAwMDAwMDAwMDAsInJlYWQiOjMwMDAwMDAwMDAwMCwidXBkYXRlIjoxODAwMDAwMDAwMDAwfX0=",
          "dependencies": [
            "azurerm_resource_group.resource_group",
            "data.azuread_user.current_user",
            "data.azurerm_client_config.current"
          ]
        },
        {
          "index_key": "privatelink.ods.opinsights.azure.us",
          "schema_version": 0,
          "attributes": {
            "id": "/subscriptions/cb0348a2-715f-4add-b029-c521889148e4/resourceGroups/Reist-HWFA-RG/providers/Microsoft.Network/privateDnsZones/privatelink.ods.opinsights.azure.us",
            "max_number_of_record_sets": 25000,
            "max_number_of_virtual_network_links": 1000,
            "max_number_of_virtual_network_links_with_registration": 100,
            "name": "privatelink.ods.opinsights.azure.us",
            "number_of_record_sets": 1,
            "resource_group_name": "Reist-HWFA-RG",
            "soa_record": [
              {
                "email": "azureprivatedns-host.microsoft.com",
                "expire_time": 2419200,
                "fqdn": "privatelink.ods.opinsights.azure.us.",
                "host_name": "azureprivatedns.net",
                "minimum_ttl": 10,
                "refresh_time": 3600,
                "retry_time": 300,
                "serial_number": 1,
                "tags": {},
                "ttl": 3600
              }
            ],
            "tags": {
              "Application": "Hello World Function App",
              "CreatedBy": "dareist",
              "CreatedDate": "2023-11-16T22:52:30Z"
            },
            "timeouts": null
          },
          "sensitive_attributes": [],
          "private": "eyJlMmJmYjczMC1lY2FhLTExZTYtOGY4OC0zNDM2M2JjN2M0YzAiOnsiY3JlYXRlIjoxODAwMDAwMDAwMDAwLCJkZWxldGUiOjE4MDAwMDAwMDAwMDAsInJlYWQiOjMwMDAwMDAwMDAwMCwidXBkYXRlIjoxODAwMDAwMDAwMDAwfX0=",
          "dependencies": [
            "azurerm_resource_group.resource_group",
            "data.azuread_user.current_user",
            "data.azurerm_client_config.current"
          ]
        },
        {
          "index_key": "privatelink.oms.opinsights.azure.us",
          "schema_version": 0,
          "attributes": {
            "id": "/subscriptions/cb0348a2-715f-4add-b029-c521889148e4/resourceGroups/Reist-HWFA-RG/providers/Microsoft.Network/privateDnsZones/privatelink.oms.opinsights.azure.us",
            "max_number_of_record_sets": 25000,
            "max_number_of_virtual_network_links": 1000,
            "max_number_of_virtual_network_links_with_registration": 100,
            "name": "privatelink.oms.opinsights.azure.us",
            "number_of_record_sets": 1,
            "resource_group_name": "Reist-HWFA-RG",
            "soa_record": [
              {
                "email": "azureprivatedns-host.microsoft.com",
                "expire_time": 2419200,
                "fqdn": "privatelink.oms.opinsights.azure.us.",
                "host_name": "azureprivatedns.net",
                "minimum_ttl": 10,
                "refresh_time": 3600,
                "retry_time": 300,
                "serial_number": 1,
                "tags": {},
                "ttl": 3600
              }
            ],
            "tags": {
              "Application": "Hello World Function App",
              "CreatedBy": "dareist",
              "CreatedDate": "2023-11-16T22:52:30Z"
            },
            "timeouts": null
          },
          "sensitive_attributes": [],
          "private": "eyJlMmJmYjczMC1lY2FhLTExZTYtOGY4OC0zNDM2M2JjN2M0YzAiOnsiY3JlYXRlIjoxODAwMDAwMDAwMDAwLCJkZWxldGUiOjE4MDAwMDAwMDAwMDAsInJlYWQiOjMwMDAwMDAwMDAwMCwidXBkYXRlIjoxODAwMDAwMDAwMDAwfX0=",
          "dependencies": [
            "azurerm_resource_group.resource_group",
            "data.azuread_user.current_user",
            "data.azurerm_client_config.current"
          ]
        }
      ]
    },
    {
      "mode": "managed",
      "type": "azurerm_private_dns_zone_virtual_network_link",
      "name": "private_dns_zones_virtual_network_links",
      "provider": "provider[\"registry.terraform.io/hashicorp/azurerm\"]",
      "instances": [
        {
          "index_key": "privatelink.agentsvc.azure-automation.us",
          "schema_version": 0,
          "attributes": {
            "id": "/subscriptions/cb0348a2-715f-4add-b029-c521889148e4/resourceGroups/Reist-HWFA-RG/providers/Microsoft.Network/privateDnsZones/privatelink.agentsvc.azure-automation.us/virtualNetworkLinks/privatelink.agentsvc.azure-automation.us",
            "name": "privatelink.agentsvc.azure-automation.us",
            "private_dns_zone_name": "privatelink.agentsvc.azure-automation.us",
            "registration_enabled": false,
            "resource_group_name": "Reist-HWFA-RG",
            "tags": {
              "Application": "Hello World Function App",
              "CreatedBy": "dareist",
              "CreatedDate": "2023-11-16T22:52:30Z"
            },
            "timeouts": null,
            "virtual_network_id": "/subscriptions/cb0348a2-715f-4add-b029-c521889148e4/resourceGroups/Reist-HWFA-RG/providers/Microsoft.Network/virtualNetworks/Reist-HWFA-vNet"
          },
          "sensitive_attributes": [],
          "private": "eyJlMmJmYjczMC1lY2FhLTExZTYtOGY4OC0zNDM2M2JjN2M0YzAiOnsiY3JlYXRlIjoxODAwMDAwMDAwMDAwLCJkZWxldGUiOjE4MDAwMDAwMDAwMDAsInJlYWQiOjMwMDAwMDAwMDAwMCwidXBkYXRlIjoxODAwMDAwMDAwMDAwfX0=",
          "dependencies": [
            "azurerm_private_dns_zone.virtual_network_private_dns_zones",
            "azurerm_resource_group.resource_group",
            "azurerm_virtual_network.virtual_network",
            "data.azuread_user.current_user",
            "data.azurerm_client_config.current"
          ]
        },
        {
          "index_key": "privatelink.blob.core.usgovcloudapi.net",
          "schema_version": 0,
          "attributes": {
            "id": "/subscriptions/cb0348a2-715f-4add-b029-c521889148e4/resourceGroups/Reist-HWFA-RG/providers/Microsoft.Network/privateDnsZones/privatelink.blob.core.usgovcloudapi.net/virtualNetworkLinks/privatelink.blob.core.usgovcloudapi.net",
            "name": "privatelink.blob.core.usgovcloudapi.net",
            "private_dns_zone_name": "privatelink.blob.core.usgovcloudapi.net",
            "registration_enabled": false,
            "resource_group_name": "Reist-HWFA-RG",
            "tags": {
              "Application": "Hello World Function App",
              "CreatedBy": "dareist",
              "CreatedDate": "2023-11-16T22:52:30Z"
            },
            "timeouts": null,
            "virtual_network_id": "/subscriptions/cb0348a2-715f-4add-b029-c521889148e4/resourceGroups/Reist-HWFA-RG/providers/Microsoft.Network/virtualNetworks/Reist-HWFA-vNet"
          },
          "sensitive_attributes": [],
          "private": "eyJlMmJmYjczMC1lY2FhLTExZTYtOGY4OC0zNDM2M2JjN2M0YzAiOnsiY3JlYXRlIjoxODAwMDAwMDAwMDAwLCJkZWxldGUiOjE4MDAwMDAwMDAwMDAsInJlYWQiOjMwMDAwMDAwMDAwMCwidXBkYXRlIjoxODAwMDAwMDAwMDAwfX0=",
          "dependencies": [
            "azurerm_private_dns_zone.virtual_network_private_dns_zones",
            "azurerm_resource_group.resource_group",
            "azurerm_virtual_network.virtual_network",
            "data.azuread_user.current_user",
            "data.azurerm_client_config.current"
          ]
        },
        {
          "index_key": "privatelink.monitor.azure.us",
          "schema_version": 0,
          "attributes": {
            "id": "/subscriptions/cb0348a2-715f-4add-b029-c521889148e4/resourceGroups/Reist-HWFA-RG/providers/Microsoft.Network/privateDnsZones/privatelink.monitor.azure.us/virtualNetworkLinks/privatelink.monitor.azure.us",
            "name": "privatelink.monitor.azure.us",
            "private_dns_zone_name": "privatelink.monitor.azure.us",
            "registration_enabled": false,
            "resource_group_name": "Reist-HWFA-RG",
            "tags": {
              "Application": "Hello World Function App",
              "CreatedBy": "dareist",
              "CreatedDate": "2023-11-16T22:52:30Z"
            },
            "timeouts": null,
            "virtual_network_id": "/subscriptions/cb0348a2-715f-4add-b029-c521889148e4/resourceGroups/Reist-HWFA-RG/providers/Microsoft.Network/virtualNetworks/Reist-HWFA-vNet"
          },
          "sensitive_attributes": [],
          "private": "eyJlMmJmYjczMC1lY2FhLTExZTYtOGY4OC0zNDM2M2JjN2M0YzAiOnsiY3JlYXRlIjoxODAwMDAwMDAwMDAwLCJkZWxldGUiOjE4MDAwMDAwMDAwMDAsInJlYWQiOjMwMDAwMDAwMDAwMCwidXBkYXRlIjoxODAwMDAwMDAwMDAwfX0=",
          "dependencies": [
            "azurerm_private_dns_zone.virtual_network_private_dns_zones",
            "azurerm_resource_group.resource_group",
            "azurerm_virtual_network.virtual_network",
            "data.azuread_user.current_user",
            "data.azurerm_client_config.current"
          ]
        },
        {
          "index_key": "privatelink.ods.opinsights.azure.us",
          "schema_version": 0,
          "attributes": {
            "id": "/subscriptions/cb0348a2-715f-4add-b029-c521889148e4/resourceGroups/Reist-HWFA-RG/providers/Microsoft.Network/privateDnsZones/privatelink.ods.opinsights.azure.us/virtualNetworkLinks/privatelink.ods.opinsights.azure.us",
            "name": "privatelink.ods.opinsights.azure.us",
            "private_dns_zone_name": "privatelink.ods.opinsights.azure.us",
            "registration_enabled": false,
            "resource_group_name": "Reist-HWFA-RG",
            "tags": {
              "Application": "Hello World Function App",
              "CreatedBy": "dareist",
              "CreatedDate": "2023-11-16T22:52:30Z"
            },
            "timeouts": null,
            "virtual_network_id": "/subscriptions/cb0348a2-715f-4add-b029-c521889148e4/resourceGroups/Reist-HWFA-RG/providers/Microsoft.Network/virtualNetworks/Reist-HWFA-vNet"
          },
          "sensitive_attributes": [],
          "private": "eyJlMmJmYjczMC1lY2FhLTExZTYtOGY4OC0zNDM2M2JjN2M0YzAiOnsiY3JlYXRlIjoxODAwMDAwMDAwMDAwLCJkZWxldGUiOjE4MDAwMDAwMDAwMDAsInJlYWQiOjMwMDAwMDAwMDAwMCwidXBkYXRlIjoxODAwMDAwMDAwMDAwfX0=",
          "dependencies": [
            "azurerm_private_dns_zone.virtual_network_private_dns_zones",
            "azurerm_resource_group.resource_group",
            "azurerm_virtual_network.virtual_network",
            "data.azuread_user.current_user",
            "data.azurerm_client_config.current"
          ]
        },
        {
          "index_key": "privatelink.oms.opinsights.azure.us",
          "schema_version": 0,
          "attributes": {
            "id": "/subscriptions/cb0348a2-715f-4add-b029-c521889148e4/resourceGroups/Reist-HWFA-RG/providers/Microsoft.Network/privateDnsZones/privatelink.oms.opinsights.azure.us/virtualNetworkLinks/privatelink.oms.opinsights.azure.us",
            "name": "privatelink.oms.opinsights.azure.us",
            "private_dns_zone_name": "privatelink.oms.opinsights.azure.us",
            "registration_enabled": false,
            "resource_group_name": "Reist-HWFA-RG",
            "tags": {
              "Application": "Hello World Function App",
              "CreatedBy": "dareist",
              "CreatedDate": "2023-11-16T22:52:30Z"
            },
            "timeouts": null,
            "virtual_network_id": "/subscriptions/cb0348a2-715f-4add-b029-c521889148e4/resourceGroups/Reist-HWFA-RG/providers/Microsoft.Network/virtualNetworks/Reist-HWFA-vNet"
          },
          "sensitive_attributes": [],
          "private": "eyJlMmJmYjczMC1lY2FhLTExZTYtOGY4OC0zNDM2M2JjN2M0YzAiOnsiY3JlYXRlIjoxODAwMDAwMDAwMDAwLCJkZWxldGUiOjE4MDAwMDAwMDAwMDAsInJlYWQiOjMwMDAwMDAwMDAwMCwidXBkYXRlIjoxODAwMDAwMDAwMDAwfX0=",
          "dependencies": [
            "azurerm_private_dns_zone.virtual_network_private_dns_zones",
            "azurerm_resource_group.resource_group",
            "azurerm_virtual_network.virtual_network",
            "data.azuread_user.current_user",
            "data.azurerm_client_config.current"
          ]
        }
      ]
    },
    {
      "mode": "managed",
      "type": "azurerm_private_endpoint",
      "name": "azure_monitor_private_link_scope",
      "provider": "provider[\"registry.terraform.io/hashicorp/azurerm\"]",
      "instances": [
        {
          "schema_version": 0,
          "attributes": {
            "custom_dns_configs": [
              {
                "fqdn": "eastus2-3.in.ai.monitor.azure.com",
                "ip_addresses": [
                  "10.3.65.20"
                ]
              },
              {
                "fqdn": "eastus2.livediagnostics.monitor.azure.com",
                "ip_addresses": [
                  "10.3.65.21"
                ]
              },
              {
                "fqdn": "api.monitor.azure.com",
                "ip_addresses": [
                  "10.3.65.22"
                ]
              },
              {
                "fqdn": "global.in.ai.monitor.azure.com",
                "ip_addresses": [
                  "10.3.65.23"
                ]
              },
              {
                "fqdn": "profiler.monitor.azure.com",
                "ip_addresses": [
                  "10.3.65.24"
                ]
              },
              {
                "fqdn": "live.monitor.azure.com",
                "ip_addresses": [
                  "10.3.65.25"
                ]
              },
              {
                "fqdn": "diagservices-query.monitor.azure.com",
                "ip_addresses": [
                  "10.3.65.26"
                ]
              },
              {
                "fqdn": "snapshot.monitor.azure.com",
                "ip_addresses": [
                  "10.3.65.27"
                ]
              },
              {
                "fqdn": "scadvisorcontentpl.blob.core.windows.net",
                "ip_addresses": [
                  "10.3.65.28"
                ]
              },
              {
                "fqdn": "global.handler.control.monitor.azure.com",
                "ip_addresses": [
                  "10.3.65.29"
                ]
              }
            ],
            "custom_network_interface_name": "",
            "id": "/subscriptions/cb0348a2-715f-4add-b029-c521889148e4/resourceGroups/Reist-HWFA-RG/providers/Microsoft.Network/privateEndpoints/Reist-HWFA-PE-AMPLS",
            "ip_configuration": [],
            "location": "eastus2",
            "name": "Reist-HWFA-PE-AMPLS",
            "network_interface": [
              {
                "id": "/subscriptions/cb0348a2-715f-4add-b029-c521889148e4/resourceGroups/Reist-HWFA-RG/providers/Microsoft.Network/networkInterfaces/Reist-HWFA-PE-AMPLS.nic.a6353bd4-998d-4310-9ff4-34a7aa680eaf",
                "name": "Reist-HWFA-PE-AMPLS.nic.a6353bd4-998d-4310-9ff4-34a7aa680eaf"
              }
            ],
            "private_dns_zone_configs": [
              {
                "id": "/subscriptions/cb0348a2-715f-4add-b029-c521889148e4/resourceGroups/Reist-HWFA-RG/providers/Microsoft.Network/privateEndpoints/Reist-HWFA-PE-AMPLS/privateDnsZoneGroups/default/privateDnsZoneConfigs/privatelink.agentsvc.azure-automation.us",
                "name": "privatelink.agentsvc.azure-automation.us",
                "private_dns_zone_id": "/subscriptions/cb0348a2-715f-4add-b029-c521889148e4/resourceGroups/Reist-HWFA-RG/providers/Microsoft.Network/privateDnsZones/privatelink.agentsvc.azure-automation.us",
                "record_sets": []
              },
              {
                "id": "/subscriptions/cb0348a2-715f-4add-b029-c521889148e4/resourceGroups/Reist-HWFA-RG/providers/Microsoft.Network/privateEndpoints/Reist-HWFA-PE-AMPLS/privateDnsZoneGroups/default/privateDnsZoneConfigs/privatelink.blob.core.usgovcloudapi.net",
                "name": "privatelink.blob.core.usgovcloudapi.net",
                "private_dns_zone_id": "/subscriptions/cb0348a2-715f-4add-b029-c521889148e4/resourceGroups/Reist-HWFA-RG/providers/Microsoft.Network/privateDnsZones/privatelink.blob.core.usgovcloudapi.net",
                "record_sets": []
              },
              {
                "id": "/subscriptions/cb0348a2-715f-4add-b029-c521889148e4/resourceGroups/Reist-HWFA-RG/providers/Microsoft.Network/privateEndpoints/Reist-HWFA-PE-AMPLS/privateDnsZoneGroups/default/privateDnsZoneConfigs/privatelink.monitor.azure.us",
                "name": "privatelink.monitor.azure.us",
                "private_dns_zone_id": "/subscriptions/cb0348a2-715f-4add-b029-c521889148e4/resourceGroups/Reist-HWFA-RG/providers/Microsoft.Network/privateDnsZones/privatelink.monitor.azure.us",
                "record_sets": []
              },
              {
                "id": "/subscriptions/cb0348a2-715f-4add-b029-c521889148e4/resourceGroups/Reist-HWFA-RG/providers/Microsoft.Network/privateEndpoints/Reist-HWFA-PE-AMPLS/privateDnsZoneGroups/default/privateDnsZoneConfigs/privatelink.ods.opinsights.azure.us",
                "name": "privatelink.ods.opinsights.azure.us",
                "private_dns_zone_id": "/subscriptions/cb0348a2-715f-4add-b029-c521889148e4/resourceGroups/Reist-HWFA-RG/providers/Microsoft.Network/privateDnsZones/privatelink.ods.opinsights.azure.us",
                "record_sets": []
              },
              {
                "id": "/subscriptions/cb0348a2-715f-4add-b029-c521889148e4/resourceGroups/Reist-HWFA-RG/providers/Microsoft.Network/privateEndpoints/Reist-HWFA-PE-AMPLS/privateDnsZoneGroups/default/privateDnsZoneConfigs/privatelink.oms.opinsights.azure.us",
                "name": "privatelink.oms.opinsights.azure.us",
                "private_dns_zone_id": "/subscriptions/cb0348a2-715f-4add-b029-c521889148e4/resourceGroups/Reist-HWFA-RG/providers/Microsoft.Network/privateDnsZones/privatelink.oms.opinsights.azure.us",
                "record_sets": []
              }
            ],
            "private_dns_zone_group": [
              {
                "id": "/subscriptions/cb0348a2-715f-4add-b029-c521889148e4/resourceGroups/Reist-HWFA-RG/providers/Microsoft.Network/privateEndpoints/Reist-HWFA-PE-AMPLS/privateDnsZoneGroups/default",
                "name": "default",
                "private_dns_zone_ids": [
                  "/subscriptions/cb0348a2-715f-4add-b029-c521889148e4/resourceGroups/Reist-HWFA-RG/providers/Microsoft.Network/privateDnsZones/privatelink.agentsvc.azure-automation.us",
                  "/subscriptions/cb0348a2-715f-4add-b029-c521889148e4/resourceGroups/Reist-HWFA-RG/providers/Microsoft.Network/privateDnsZones/privatelink.blob.core.usgovcloudapi.net",
                  "/subscriptions/cb0348a2-715f-4add-b029-c521889148e4/resourceGroups/Reist-HWFA-RG/providers/Microsoft.Network/privateDnsZones/privatelink.monitor.azure.us",
                  "/subscriptions/cb0348a2-715f-4add-b029-c521889148e4/resourceGroups/Reist-HWFA-RG/providers/Microsoft.Network/privateDnsZones/privatelink.ods.opinsights.azure.us",
                  "/subscriptions/cb0348a2-715f-4add-b029-c521889148e4/resourceGroups/Reist-HWFA-RG/providers/Microsoft.Network/privateDnsZones/privatelink.oms.opinsights.azure.us"
                ]
              }
            ],
            "private_service_connection": [
              {
                "is_manual_connection": false,
                "name": "Reist-HWFA-PE-AMPLS",
                "private_connection_resource_alias": "",
                "private_connection_resource_id": "/subscriptions/cb0348a2-715f-4add-b029-c521889148e4/resourceGroups/Reist-HWFA-RG/providers/Microsoft.Insights/privateLinkScopes/Reist-HWFA-AMPLS",
                "private_ip_address": "10.3.65.20",
                "request_message": "",
                "subresource_names": [
                  "azuremonitor"
                ]
              }
            ],
            "resource_group_name": "Reist-HWFA-RG",
            "subnet_id": "/subscriptions/cb0348a2-715f-4add-b029-c521889148e4/resourceGroups/Reist-HWFA-RG/providers/Microsoft.Network/virtualNetworks/Reist-HWFA-vNet/subnets/Reist-HWFA-vNet-PrivateEndpoints",
            "tags": {
              "Application": "Hello World Function App",
              "CreatedBy": "dareist",
              "CreatedDate": "2023-11-16T22:56:55Z"
            },
            "timeouts": null
          },
          "sensitive_attributes": [],
          "private": "eyJlMmJmYjczMC1lY2FhLTExZTYtOGY4OC0zNDM2M2JjN2M0YzAiOnsiY3JlYXRlIjozNjAwMDAwMDAwMDAwLCJkZWxldGUiOjM2MDAwMDAwMDAwMDAsInJlYWQiOjMwMDAwMDAwMDAwMCwidXBkYXRlIjozNjAwMDAwMDAwMDAwfX0=",
          "dependencies": [
            "azurerm_monitor_private_link_scope.azure_monitor_private_link_scope",
            "azurerm_private_dns_zone.virtual_network_private_dns_zones",
            "azurerm_resource_group.resource_group",
            "azurerm_subnet.private_endpoints",
            "azurerm_virtual_network.virtual_network",
            "data.azuread_user.current_user",
            "data.azurerm_client_config.current"
          ]
        }
      ]
    },
    {
      "mode": "managed",
      "type": "azurerm_resource_group",
      "name": "resource_group",
      "provider": "provider[\"registry.terraform.io/hashicorp/azurerm\"]",
      "instances": [
        {
          "schema_version": 0,
          "attributes": {
            "id": "/subscriptions/cb0348a2-715f-4add-b029-c521889148e4/resourceGroups/Reist-HWFA-RG",
            "location": "eastus2",
            "managed_by": "",
            "name": "Reist-HWFA-RG",
            "tags": {
              "Application": "Hello World Function App",
              "CreatedBy": "dareist",
              "CreatedDate": "2023-11-16T22:01:31Z"
            },
            "timeouts": null
          },
          "sensitive_attributes": [],
          "private": "eyJlMmJmYjczMC1lY2FhLTExZTYtOGY4OC0zNDM2M2JjN2M0YzAiOnsiY3JlYXRlIjo1NDAwMDAwMDAwMDAwLCJkZWxldGUiOjU0MDAwMDAwMDAwMDAsInJlYWQiOjMwMDAwMDAwMDAwMCwidXBkYXRlIjo1NDAwMDAwMDAwMDAwfX0=",
          "dependencies": [
            "data.azuread_user.current_user",
            "data.azurerm_client_config.current"
          ]
        }
      ]
    },
    {
      "mode": "managed",
      "type": "azurerm_role_assignment",
      "name": "helloworld_permissions_to_fa_storage_account",
      "provider": "provider[\"registry.terraform.io/hashicorp/azurerm\"]",
      "instances": [
        {
          "index_key": "Storage Account Contributor",
          "schema_version": 0,
          "attributes": {
            "condition": "",
            "condition_version": "",
            "delegated_managed_identity_resource_id": "",
            "description": "",
            "id": "/subscriptions/cb0348a2-715f-4add-b029-c521889148e4/resourceGroups/Reist-HWFA-RG/providers/Microsoft.Storage/storageAccounts/reisthwfasa/providers/Microsoft.Authorization/roleAssignments/536f19bb-f798-3d8d-8db0-aabf0669162e",
            "name": "536f19bb-f798-3d8d-8db0-aabf0669162e",
            "principal_id": "7238839a-7a08-4aa4-8b4d-22a11bd68efb",
            "principal_type": "ServicePrincipal",
            "role_definition_id": "/subscriptions/cb0348a2-715f-4add-b029-c521889148e4/providers/Microsoft.Authorization/roleDefinitions/17d1049b-9a84-46fb-8f53-869881c3d3ab",
            "role_definition_name": "Storage Account Contributor",
            "scope": "/subscriptions/cb0348a2-715f-4add-b029-c521889148e4/resourceGroups/Reist-HWFA-RG/providers/Microsoft.Storage/storageAccounts/reisthwfasa",
            "skip_service_principal_aad_check": null,
            "timeouts": null
          },
          "sensitive_attributes": [],
          "private": "eyJlMmJmYjczMC1lY2FhLTExZTYtOGY4OC0zNDM2M2JjN2M0YzAiOnsiY3JlYXRlIjoxODAwMDAwMDAwMDAwLCJkZWxldGUiOjE4MDAwMDAwMDAwMDAsInJlYWQiOjMwMDAwMDAwMDAwMCwidXBkYXRlIjoxODAwMDAwMDAwMDAwfX0=",
          "dependencies": [
            "azurerm_application_insights.app_insights",
            "azurerm_log_analytics_workspace.log_analytics",
            "azurerm_resource_group.resource_group",
            "azurerm_service_plan.service_plan",
            "azurerm_storage_account.function_app",
            "azurerm_storage_share.hello_world",
            "azurerm_subnet.main",
            "azurerm_virtual_network.virtual_network",
            "azurerm_windows_function_app.hello_world",
            "data.azuread_user.current_user",
            "data.azurerm_client_config.current"
          ]
        },
        {
          "index_key": "Storage Blob Data Contributor",
          "schema_version": 0,
          "attributes": {
            "condition": "",
            "condition_version": "",
            "delegated_managed_identity_resource_id": "",
            "description": "",
            "id": "/subscriptions/cb0348a2-715f-4add-b029-c521889148e4/resourceGroups/Reist-HWFA-RG/providers/Microsoft.Storage/storageAccounts/reisthwfasa/providers/Microsoft.Authorization/roleAssignments/30a7d772-6080-fb6c-cf0b-09b3e190793f",
            "name": "30a7d772-6080-fb6c-cf0b-09b3e190793f",
            "principal_id": "7238839a-7a08-4aa4-8b4d-22a11bd68efb",
            "principal_type": "ServicePrincipal",
            "role_definition_id": "/subscriptions/cb0348a2-715f-4add-b029-c521889148e4/providers/Microsoft.Authorization/roleDefinitions/ba92f5b4-2d11-453d-a403-e96b0029c9fe",
            "role_definition_name": "Storage Blob Data Contributor",
            "scope": "/subscriptions/cb0348a2-715f-4add-b029-c521889148e4/resourceGroups/Reist-HWFA-RG/providers/Microsoft.Storage/storageAccounts/reisthwfasa",
            "skip_service_principal_aad_check": null,
            "timeouts": null
          },
          "sensitive_attributes": [],
          "private": "eyJlMmJmYjczMC1lY2FhLTExZTYtOGY4OC0zNDM2M2JjN2M0YzAiOnsiY3JlYXRlIjoxODAwMDAwMDAwMDAwLCJkZWxldGUiOjE4MDAwMDAwMDAwMDAsInJlYWQiOjMwMDAwMDAwMDAwMCwidXBkYXRlIjoxODAwMDAwMDAwMDAwfX0=",
          "dependencies": [
            "azurerm_application_insights.app_insights",
            "azurerm_log_analytics_workspace.log_analytics",
            "azurerm_resource_group.resource_group",
            "azurerm_service_plan.service_plan",
            "azurerm_storage_account.function_app",
            "azurerm_storage_share.hello_world",
            "azurerm_subnet.main",
            "azurerm_virtual_network.virtual_network",
            "azurerm_windows_function_app.hello_world",
            "data.azuread_user.current_user",
            "data.azurerm_client_config.current"
          ]
        },
        {
          "index_key": "Storage Queue Data Contributor",
          "schema_version": 0,
          "attributes": {
            "condition": "",
            "condition_version": "",
            "delegated_managed_identity_resource_id": "",
            "description": "",
            "id": "/subscriptions/cb0348a2-715f-4add-b029-c521889148e4/resourceGroups/Reist-HWFA-RG/providers/Microsoft.Storage/storageAccounts/reisthwfasa/providers/Microsoft.Authorization/roleAssignments/0570e89d-504f-f7a8-eb7a-9ff5e9aacf0b",
            "name": "0570e89d-504f-f7a8-eb7a-9ff5e9aacf0b",
            "principal_id": "7238839a-7a08-4aa4-8b4d-22a11bd68efb",
            "principal_type": "ServicePrincipal",
            "role_definition_id": "/subscriptions/cb0348a2-715f-4add-b029-c521889148e4/providers/Microsoft.Authorization/roleDefinitions/974c5e8b-45b9-4653-ba55-5f855dd0fb88",
            "role_definition_name": "Storage Queue Data Contributor",
            "scope": "/subscriptions/cb0348a2-715f-4add-b029-c521889148e4/resourceGroups/Reist-HWFA-RG/providers/Microsoft.Storage/storageAccounts/reisthwfasa",
            "skip_service_principal_aad_check": null,
            "timeouts": null
          },
          "sensitive_attributes": [],
          "private": "eyJlMmJmYjczMC1lY2FhLTExZTYtOGY4OC0zNDM2M2JjN2M0YzAiOnsiY3JlYXRlIjoxODAwMDAwMDAwMDAwLCJkZWxldGUiOjE4MDAwMDAwMDAwMDAsInJlYWQiOjMwMDAwMDAwMDAwMCwidXBkYXRlIjoxODAwMDAwMDAwMDAwfX0=",
          "dependencies": [
            "azurerm_application_insights.app_insights",
            "azurerm_log_analytics_workspace.log_analytics",
            "azurerm_resource_group.resource_group",
            "azurerm_service_plan.service_plan",
            "azurerm_storage_account.function_app",
            "azurerm_storage_share.hello_world",
            "azurerm_subnet.main",
            "azurerm_virtual_network.virtual_network",
            "azurerm_windows_function_app.hello_world",
            "data.azuread_user.current_user",
            "data.azurerm_client_config.current"
          ]
        },
        {
          "index_key": "Storage Table Data Contributor",
          "schema_version": 0,
          "attributes": {
            "condition": "",
            "condition_version": "",
            "delegated_managed_identity_resource_id": "",
            "description": "",
            "id": "/subscriptions/cb0348a2-715f-4add-b029-c521889148e4/resourceGroups/Reist-HWFA-RG/providers/Microsoft.Storage/storageAccounts/reisthwfasa/providers/Microsoft.Authorization/roleAssignments/9f88771d-d83d-e015-78fc-7f8d62f6bbba",
            "name": "9f88771d-d83d-e015-78fc-7f8d62f6bbba",
            "principal_id": "7238839a-7a08-4aa4-8b4d-22a11bd68efb",
            "principal_type": "ServicePrincipal",
            "role_definition_id": "/subscriptions/cb0348a2-715f-4add-b029-c521889148e4/providers/Microsoft.Authorization/roleDefinitions/0a9a7e1f-b9d0-4cc4-a60d-0319b160aaa3",
            "role_definition_name": "Storage Table Data Contributor",
            "scope": "/subscriptions/cb0348a2-715f-4add-b029-c521889148e4/resourceGroups/Reist-HWFA-RG/providers/Microsoft.Storage/storageAccounts/reisthwfasa",
            "skip_service_principal_aad_check": null,
            "timeouts": null
          },
          "sensitive_attributes": [],
          "private": "eyJlMmJmYjczMC1lY2FhLTExZTYtOGY4OC0zNDM2M2JjN2M0YzAiOnsiY3JlYXRlIjoxODAwMDAwMDAwMDAwLCJkZWxldGUiOjE4MDAwMDAwMDAwMDAsInJlYWQiOjMwMDAwMDAwMDAwMCwidXBkYXRlIjoxODAwMDAwMDAwMDAwfX0=",
          "dependencies": [
            "azurerm_application_insights.app_insights",
            "azurerm_log_analytics_workspace.log_analytics",
            "azurerm_resource_group.resource_group",
            "azurerm_service_plan.service_plan",
            "azurerm_storage_account.function_app",
            "azurerm_storage_share.hello_world",
            "azurerm_subnet.main",
            "azurerm_virtual_network.virtual_network",
            "azurerm_windows_function_app.hello_world",
            "data.azuread_user.current_user",
            "data.azurerm_client_config.current"
          ]
        }
      ]
    },
    {
      "mode": "managed",
      "type": "azurerm_role_assignment",
      "name": "resource_group_owner",
      "provider": "provider[\"registry.terraform.io/hashicorp/azurerm\"]",
      "instances": [
        {
          "schema_version": 0,
          "attributes": {
            "condition": "",
            "condition_version": "",
            "delegated_managed_identity_resource_id": "",
            "description": "",
            "id": "/subscriptions/cb0348a2-715f-4add-b029-c521889148e4/resourceGroups/Reist-HWFA-RG/providers/Microsoft.Authorization/roleAssignments/d8eaf8ec-13ce-2eac-b6c8-65bc9fa9b940",
            "name": "d8eaf8ec-13ce-2eac-b6c8-65bc9fa9b940",
            "principal_id": "203ba371-44c6-4d41-b519-26e078773280",
            "principal_type": "User",
            "role_definition_id": "/subscriptions/cb0348a2-715f-4add-b029-c521889148e4/providers/Microsoft.Authorization/roleDefinitions/8e3af657-a8ff-443c-a75c-2fe8c4bcb635",
            "role_definition_name": "Owner",
            "scope": "/subscriptions/cb0348a2-715f-4add-b029-c521889148e4/resourceGroups/Reist-HWFA-RG",
            "skip_service_principal_aad_check": null,
            "timeouts": null
          },
          "sensitive_attributes": [],
          "private": "eyJlMmJmYjczMC1lY2FhLTExZTYtOGY4OC0zNDM2M2JjN2M0YzAiOnsiY3JlYXRlIjoxODAwMDAwMDAwMDAwLCJkZWxldGUiOjE4MDAwMDAwMDAwMDAsInJlYWQiOjMwMDAwMDAwMDAwMCwidXBkYXRlIjoxODAwMDAwMDAwMDAwfX0=",
          "dependencies": [
            "azurerm_resource_group.resource_group",
            "data.azuread_user.current_user",
            "data.azurerm_client_config.current"
          ]
        }
      ]
    },
    {
      "mode": "managed",
      "type": "azurerm_service_plan",
      "name": "service_plan",
      "provider": "provider[\"registry.terraform.io/hashicorp/azurerm\"]",
      "instances": [
        {
          "schema_version": 0,
          "attributes": {
            "app_service_environment_id": "",
            "id": "/subscriptions/cb0348a2-715f-4add-b029-c521889148e4/resourceGroups/Reist-HWFA-RG/providers/Microsoft.Web/serverfarms/Reist-HWFA-ASP",
            "kind": "app",
            "location": "eastus2",
            "maximum_elastic_worker_count": 1,
            "name": "Reist-HWFA-ASP",
            "os_type": "Windows",
            "per_site_scaling_enabled": false,
            "reserved": false,
            "resource_group_name": "Reist-HWFA-RG",
            "sku_name": "S1",
            "tags": {
              "Application": "Hello World Function App",
              "CreatedBy": "dareist",
              "CreatedDate": "2023-11-16T23:07:25Z"
            },
            "timeouts": null,
            "worker_count": 1,
            "zone_balancing_enabled": false
          },
          "sensitive_attributes": [],
          "private": "eyJlMmJmYjczMC1lY2FhLTExZTYtOGY4OC0zNDM2M2JjN2M0YzAiOnsiY3JlYXRlIjozNjAwMDAwMDAwMDAwLCJkZWxldGUiOjM2MDAwMDAwMDAwMDAsInJlYWQiOjMwMDAwMDAwMDAwMCwidXBkYXRlIjozNjAwMDAwMDAwMDAwfX0=",
          "dependencies": [
            "azurerm_resource_group.resource_group",
            "data.azuread_user.current_user",
            "data.azurerm_client_config.current"
          ]
        }
      ]
    },
    {
      "mode": "managed",
      "type": "azurerm_storage_account",
      "name": "function_app",
      "provider": "provider[\"registry.terraform.io/hashicorp/azurerm\"]",
      "instances": [
        {
          "schema_version": 4,
          "attributes": {
            "access_tier": "Hot",
            "account_kind": "StorageV2",
            "account_replication_type": "LRS",
            "account_tier": "Standard",
            "allow_nested_items_to_be_public": true,
            "allowed_copy_scope": "PrivateLink",
            "azure_files_authentication": [],
            "blob_properties": [
              {
                "change_feed_enabled": false,
                "change_feed_retention_in_days": 0,
                "container_delete_retention_policy": [],
                "cors_rule": [],
                "default_service_version": "",
                "delete_retention_policy": [],
                "last_access_time_enabled": false,
                "restore_policy": [],
                "versioning_enabled": false
              }
            ],
            "cross_tenant_replication_enabled": true,
            "custom_domain": [],
            "customer_managed_key": [],
            "default_to_oauth_authentication": false,
            "edge_zone": "",
            "enable_https_traffic_only": true,
            "id": "/subscriptions/cb0348a2-715f-4add-b029-c521889148e4/resourceGroups/Reist-HWFA-RG/providers/Microsoft.Storage/storageAccounts/reisthwfasa",
            "identity": [],
            "immutability_policy": [],
            "infrastructure_encryption_enabled": false,
            "is_hns_enabled": false,
            "large_file_share_enabled": null,
            "location": "eastus2",
            "min_tls_version": "TLS1_2",
            "name": "reisthwfasa",
            "network_rules": [
              {
                "bypass": [
                  "AzureServices"
                ],
                "default_action": "Deny",
                "ip_rules": [
                  "73.101.55.199"
                ],
                "private_link_access": [],
                "virtual_network_subnet_ids": [
                  "/subscriptions/cb0348a2-715f-4add-b029-c521889148e4/resourceGroups/Reist-HWFA-RG/providers/Microsoft.Network/virtualNetworks/Reist-HWFA-vNet/subnets/Reist-HWFA-vNet-Main"
                ]
              }
            ],
            "nfsv3_enabled": false,
            "primary_access_key": "CkxdTES1bzdOXq9pVy9z0uwY12PH0t1pigAT5/36j/RMufG+SynrKryZM4Cy5AutVf1nyZHYyYW9+ASt1xycjw==",
            "primary_blob_connection_string": "DefaultEndpointsProtocol=https;BlobEndpoint=https://reisthwfasa.blob.core.windows.net/;AccountName=reisthwfasa;AccountKey=CkxdTES1bzdOXq9pVy9z0uwY12PH0t1pigAT5/36j/RMufG+SynrKryZM4Cy5AutVf1nyZHYyYW9+ASt1xycjw==",
            "primary_blob_endpoint": "https://reisthwfasa.blob.core.windows.net/",
            "primary_blob_host": "reisthwfasa.blob.core.windows.net",
            "primary_connection_string": "DefaultEndpointsProtocol=https;AccountName=reisthwfasa;AccountKey=CkxdTES1bzdOXq9pVy9z0uwY12PH0t1pigAT5/36j/RMufG+SynrKryZM4Cy5AutVf1nyZHYyYW9+ASt1xycjw==;EndpointSuffix=core.windows.net",
            "primary_dfs_endpoint": "https://reisthwfasa.dfs.core.windows.net/",
            "primary_dfs_host": "reisthwfasa.dfs.core.windows.net",
            "primary_file_endpoint": "https://reisthwfasa.file.core.windows.net/",
            "primary_file_host": "reisthwfasa.file.core.windows.net",
            "primary_location": "eastus2",
            "primary_queue_endpoint": "https://reisthwfasa.queue.core.windows.net/",
            "primary_queue_host": "reisthwfasa.queue.core.windows.net",
            "primary_table_endpoint": "https://reisthwfasa.table.core.windows.net/",
            "primary_table_host": "reisthwfasa.table.core.windows.net",
            "primary_web_endpoint": "https://reisthwfasa.z20.web.core.windows.net/",
            "primary_web_host": "reisthwfasa.z20.web.core.windows.net",
            "public_network_access_enabled": true,
            "queue_encryption_key_type": "Service",
            "queue_properties": [
              {
                "cors_rule": [],
                "hour_metrics": [
                  {
                    "enabled": true,
                    "include_apis": true,
                    "retention_policy_days": 7,
                    "version": "1.0"
                  }
                ],
                "logging": [
                  {
                    "delete": false,
                    "read": false,
                    "retention_policy_days": 0,
                    "version": "1.0",
                    "write": false
                  }
                ],
                "minute_metrics": [
                  {
                    "enabled": false,
                    "include_apis": false,
                    "retention_policy_days": 0,
                    "version": "1.0"
                  }
                ]
              }
            ],
            "resource_group_name": "Reist-HWFA-RG",
            "routing": [],
            "sas_policy": [],
            "secondary_access_key": "TYBjQt4u/n9HkJqdntCrpdxNqdOreqVHGHg2NoOAMPHdYP7CF+tDR380yF8XNkCv8BNIXvQrF0EM+AStujtWKw==",
            "secondary_blob_connection_string": "",
            "secondary_blob_endpoint": null,
            "secondary_blob_host": null,
            "secondary_connection_string": "DefaultEndpointsProtocol=https;AccountName=reisthwfasa;AccountKey=TYBjQt4u/n9HkJqdntCrpdxNqdOreqVHGHg2NoOAMPHdYP7CF+tDR380yF8XNkCv8BNIXvQrF0EM+AStujtWKw==;EndpointSuffix=core.windows.net",
            "secondary_dfs_endpoint": null,
            "secondary_dfs_host": null,
            "secondary_file_endpoint": null,
            "secondary_file_host": null,
            "secondary_location": "",
            "secondary_queue_endpoint": null,
            "secondary_queue_host": null,
            "secondary_table_endpoint": null,
            "secondary_table_host": null,
            "secondary_web_endpoint": null,
            "secondary_web_host": null,
            "sftp_enabled": false,
            "share_properties": [
              {
                "cors_rule": [],
                "retention_policy": [
                  {
                    "days": 7
                  }
                ],
                "smb": []
              }
            ],
            "shared_access_key_enabled": true,
            "static_website": [],
            "table_encryption_key_type": "Service",
            "tags": {
              "Application": "Hello World Function App",
              "CreatedBy": "dareist",
              "CreatedDate": "2023-11-16T22:31:28Z"
            },
            "timeouts": null
          },
          "sensitive_attributes": [],
          "private": "eyJlMmJmYjczMC1lY2FhLTExZTYtOGY4OC0zNDM2M2JjN2M0YzAiOnsiY3JlYXRlIjozNjAwMDAwMDAwMDAwLCJkZWxldGUiOjM2MDAwMDAwMDAwMDAsInJlYWQiOjMwMDAwMDAwMDAwMCwidXBkYXRlIjozNjAwMDAwMDAwMDAwfSwic2NoZW1hX3ZlcnNpb24iOiI0In0=",
          "dependencies": [
            "azurerm_resource_group.resource_group",
            "azurerm_subnet.main",
            "azurerm_virtual_network.virtual_network",
            "data.azuread_user.current_user",
            "data.azurerm_client_config.current"
          ]
        }
      ]
    },
    {
      "mode": "managed",
      "type": "azurerm_storage_share",
      "name": "hello_world",
      "provider": "provider[\"registry.terraform.io/hashicorp/azurerm\"]",
      "instances": [
        {
          "schema_version": 2,
          "attributes": {
            "access_tier": "TransactionOptimized",
            "acl": [],
            "enabled_protocol": "SMB",
            "id": "https://reisthwfasa.file.core.windows.net/reist-hwfa-fa",
            "metadata": {},
            "name": "reist-hwfa-fa",
            "quota": 5120,
            "resource_manager_id": "/subscriptions/cb0348a2-715f-4add-b029-c521889148e4/resourceGroups/Reist-HWFA-RG/providers/Microsoft.Storage/storageAccounts/reisthwfasa/fileServices/default/fileshares/reist-hwfa-fa",
            "storage_account_name": "reisthwfasa",
            "timeouts": null,
            "url": "https://reisthwfasa.file.core.windows.net/reist-hwfa-fa"
          },
          "sensitive_attributes": [],
          "private": "eyJlMmJmYjczMC1lY2FhLTExZTYtOGY4OC0zNDM2M2JjN2M0YzAiOnsiY3JlYXRlIjoxODAwMDAwMDAwMDAwLCJkZWxldGUiOjE4MDAwMDAwMDAwMDAsInJlYWQiOjMwMDAwMDAwMDAwMCwidXBkYXRlIjoxODAwMDAwMDAwMDAwfSwic2NoZW1hX3ZlcnNpb24iOiIyIn0=",
          "dependencies": [
            "azurerm_resource_group.resource_group",
            "azurerm_storage_account.function_app",
            "azurerm_subnet.main",
            "azurerm_virtual_network.virtual_network",
            "data.azuread_user.current_user",
            "data.azurerm_client_config.current"
          ]
        }
      ]
    },
    {
      "mode": "managed",
      "type": "azurerm_subnet",
      "name": "main",
      "provider": "provider[\"registry.terraform.io/hashicorp/azurerm\"]",
      "instances": [
        {
          "schema_version": 0,
          "attributes": {
            "address_prefixes": [
              "10.3.65.0/28"
            ],
            "delegation": [
              {
                "name": "Reist-HWFA-FA-to-Reist-HWFA-vNet-Main",
                "service_delegation": [
                  {
                    "actions": [
                      "Microsoft.Network/virtualNetworks/subnets/action"
                    ],
                    "name": "Microsoft.Web/serverFarms"
                  }
                ]
              }
            ],
            "enforce_private_link_endpoint_network_policies": false,
            "enforce_private_link_service_network_policies": false,
            "id": "/subscriptions/cb0348a2-715f-4add-b029-c521889148e4/resourceGroups/Reist-HWFA-RG/providers/Microsoft.Network/virtualNetworks/Reist-HWFA-vNet/subnets/Reist-HWFA-vNet-Main",
            "name": "Reist-HWFA-vNet-Main",
            "private_endpoint_network_policies_enabled": true,
            "private_link_service_network_policies_enabled": true,
            "resource_group_name": "Reist-HWFA-RG",
            "service_endpoint_policy_ids": [],
            "service_endpoints": [
              "Microsoft.Storage",
              "Microsoft.Web"
            ],
            "timeouts": null,
            "virtual_network_name": "Reist-HWFA-vNet"
          },
          "sensitive_attributes": [],
          "private": "eyJlMmJmYjczMC1lY2FhLTExZTYtOGY4OC0zNDM2M2JjN2M0YzAiOnsiY3JlYXRlIjoxODAwMDAwMDAwMDAwLCJkZWxldGUiOjE4MDAwMDAwMDAwMDAsInJlYWQiOjMwMDAwMDAwMDAwMCwidXBkYXRlIjoxODAwMDAwMDAwMDAwfX0=",
          "dependencies": [
            "azurerm_resource_group.resource_group",
            "azurerm_virtual_network.virtual_network",
            "data.azuread_user.current_user",
            "data.azurerm_client_config.current"
          ]
        }
      ]
    },
    {
      "mode": "managed",
      "type": "azurerm_subnet",
      "name": "private_endpoints",
      "provider": "provider[\"registry.terraform.io/hashicorp/azurerm\"]",
      "instances": [
        {
          "schema_version": 0,
          "attributes": {
            "address_prefixes": [
              "10.3.65.16/28"
            ],
            "delegation": [],
            "enforce_private_link_endpoint_network_policies": true,
            "enforce_private_link_service_network_policies": false,
            "id": "/subscriptions/cb0348a2-715f-4add-b029-c521889148e4/resourceGroups/Reist-HWFA-RG/providers/Microsoft.Network/virtualNetworks/Reist-HWFA-vNet/subnets/Reist-HWFA-vNet-PrivateEndpoints",
            "name": "Reist-HWFA-vNet-PrivateEndpoints",
            "private_endpoint_network_policies_enabled": false,
            "private_link_service_network_policies_enabled": true,
            "resource_group_name": "Reist-HWFA-RG",
            "service_endpoint_policy_ids": [],
            "service_endpoints": [],
            "timeouts": null,
            "virtual_network_name": "Reist-HWFA-vNet"
          },
          "sensitive_attributes": [],
          "private": "eyJlMmJmYjczMC1lY2FhLTExZTYtOGY4OC0zNDM2M2JjN2M0YzAiOnsiY3JlYXRlIjoxODAwMDAwMDAwMDAwLCJkZWxldGUiOjE4MDAwMDAwMDAwMDAsInJlYWQiOjMwMDAwMDAwMDAwMCwidXBkYXRlIjoxODAwMDAwMDAwMDAwfX0=",
          "dependencies": [
            "azurerm_resource_group.resource_group",
            "azurerm_virtual_network.virtual_network",
            "data.azuread_user.current_user",
            "data.azurerm_client_config.current"
          ]
        }
      ]
    },
    {
      "mode": "managed",
      "type": "azurerm_virtual_network",
      "name": "virtual_network",
      "provider": "provider[\"registry.terraform.io/hashicorp/azurerm\"]",
      "instances": [
        {
          "schema_version": 0,
          "attributes": {
            "address_space": [
              "10.3.65.0/24"
            ],
            "bgp_community": "",
            "ddos_protection_plan": [],
            "dns_servers": [],
            "edge_zone": "",
            "encryption": [],
            "flow_timeout_in_minutes": 0,
            "guid": "d1b26f57-4467-4293-b027-c0ae64aafe91",
            "id": "/subscriptions/cb0348a2-715f-4add-b029-c521889148e4/resourceGroups/Reist-HWFA-RG/providers/Microsoft.Network/virtualNetworks/Reist-HWFA-vNet",
            "location": "eastus2",
            "name": "Reist-HWFA-vNet",
            "resource_group_name": "Reist-HWFA-RG",
            "subnet": [
              {
                "address_prefix": "10.3.65.0/28",
                "id": "/subscriptions/cb0348a2-715f-4add-b029-c521889148e4/resourceGroups/Reist-HWFA-RG/providers/Microsoft.Network/virtualNetworks/Reist-HWFA-vNet/subnets/Reist-HWFA-vNet-Main",
                "name": "Reist-HWFA-vNet-Main",
                "security_group": ""
              },
              {
                "address_prefix": "10.3.65.16/28",
                "id": "/subscriptions/cb0348a2-715f-4add-b029-c521889148e4/resourceGroups/Reist-HWFA-RG/providers/Microsoft.Network/virtualNetworks/Reist-HWFA-vNet/subnets/Reist-HWFA-vNet-PrivateEndpoints",
                "name": "Reist-HWFA-vNet-PrivateEndpoints",
                "security_group": ""
              }
            ],
            "tags": {
              "Application": "Hello World Function App",
              "CreatedBy": "dareist",
              "CreatedDate": "2023-11-16T22:01:31Z"
            },
            "timeouts": null
          },
          "sensitive_attributes": [],
          "private": "eyJlMmJmYjczMC1lY2FhLTExZTYtOGY4OC0zNDM2M2JjN2M0YzAiOnsiY3JlYXRlIjoxODAwMDAwMDAwMDAwLCJkZWxldGUiOjE4MDAwMDAwMDAwMDAsInJlYWQiOjMwMDAwMDAwMDAwMCwidXBkYXRlIjoxODAwMDAwMDAwMDAwfX0=",
          "dependencies": [
            "azurerm_resource_group.resource_group",
            "data.azuread_user.current_user",
            "data.azurerm_client_config.current"
          ]
        }
      ]
    },
    {
      "mode": "managed",
      "type": "azurerm_windows_function_app",
      "name": "hello_world",
      "provider": "provider[\"registry.terraform.io/hashicorp/azurerm\"]",
      "instances": [
        {
          "schema_version": 0,
          "attributes": {
            "app_settings": {
              "AzureFunctionsWebHost__hostid": "Hello World Function App",
              "AzureWebJobsDisableHomepage": "true",
              "AzureWebJobsStorage__blobServiceUri": "https://reisthwfasa.blob.core.windows.net/",
              "AzureWebJobsStorage__queueServiceUri": "https://reisthwfasa.queue.core.windows.net/",
              "AzureWebJobsStorage__tableServiceUri": "https://reisthwfasa.table.core.windows.net/",
              "DebugPreference": "SilentlyContinue",
              "HubName": "HelloWorldFunctionApp",
              "VerbosePreference": "Continue",
              "WEBSITE_CONTENTAZUREFILECONNECTIONSTRING": "DefaultEndpointsProtocol=https;AccountName=reisthwfasa;AccountKey=CkxdTES1bzdOXq9pVy9z0uwY12PH0t1pigAT5/36j/RMufG+SynrKryZM4Cy5AutVf1nyZHYyYW9+ASt1xycjw==;EndpointSuffix=core.windows.net",
              "WEBSITE_CONTENTOVERVNET": "1",
              "WEBSITE_CONTENTSHARE": "reist-hwfa-fa",
              "WEBSITE_LOAD_USER_PROFILE": "1",
              "WEBSITE_RUN_FROM_PACKAGE": "1"
            },
            "auth_settings": [],
            "auth_settings_v2": [],
            "backup": [],
            "builtin_logging_enabled": false,
            "client_certificate_enabled": false,
            "client_certificate_exclusion_paths": "",
            "client_certificate_mode": "Optional",
            "connection_string": [],
            "content_share_force_disabled": false,
            "custom_domain_verification_id": "1625ED92C8B771EBD7ED3FDA4A33623F706CE76A6E96416F77B3CEDD39A84391",
            "daily_memory_time_quota": 0,
            "default_hostname": "reist-hwfa-fa.azurewebsites.net",
            "enabled": true,
            "functions_extension_version": "~4",
            "hosting_environment_id": "",
            "https_only": true,
            "id": "/subscriptions/cb0348a2-715f-4add-b029-c521889148e4/resourceGroups/Reist-HWFA-RG/providers/Microsoft.Web/sites/Reist-HWFA-FA",
            "identity": [
              {
                "identity_ids": [],
                "principal_id": "7238839a-7a08-4aa4-8b4d-22a11bd68efb",
                "tenant_id": "72f988bf-86f1-41af-91ab-2d7cd011db47",
                "type": "SystemAssigned"
              }
            ],
            "key_vault_reference_identity_id": "SystemAssigned",
            "kind": "functionapp",
            "location": "eastus2",
            "name": "Reist-HWFA-FA",
            "outbound_ip_address_list": [
              "40.65.244.176",
              "40.65.246.98",
              "40.65.247.207",
              "52.138.106.12",
              "52.138.108.240",
              "52.138.109.63",
              "20.119.128.9"
            ],
            "outbound_ip_addresses": "40.65.244.176,40.65.246.98,40.65.247.207,52.138.106.12,52.138.108.240,52.138.109.63,20.119.128.9",
            "possible_outbound_ip_address_list": [
              "40.65.244.176",
              "40.65.246.98",
              "40.65.247.207",
              "52.138.106.12",
              "52.138.108.240",
              "52.138.109.63",
              "52.167.27.63",
              "52.167.29.114",
              "52.167.30.89",
              "52.167.31.83",
              "52.167.188.97",
              "52.177.161.40",
              "52.177.162.83",
              "52.177.164.212",
              "52.184.233.16",
              "52.184.238.94",
              "52.138.108.116",
              "52.251.98.118",
              "52.254.40.185",
              "52.254.44.80",
              "52.254.47.61",
              "52.254.47.97",
              "52.254.47.113",
              "52.254.47.131",
              "52.254.47.179",
              "52.254.47.247",
              "20.57.96.12",
              "20.57.96.41",
              "20.57.96.79",
              "20.57.96.93",
              "20.119.128.9"
            ],
            "possible_outbound_ip_addresses": "40.65.244.176,40.65.246.98,40.65.247.207,52.138.106.12,52.138.108.240,52.138.109.63,52.167.27.63,52.167.29.114,52.167.30.89,52.167.31.83,52.167.188.97,52.177.161.40,52.177.162.83,52.177.164.212,52.184.233.16,52.184.238.94,52.138.108.116,52.251.98.118,52.254.40.185,52.254.44.80,52.254.47.61,52.254.47.97,52.254.47.113,52.254.47.131,52.254.47.179,52.254.47.247,20.57.96.12,20.57.96.41,20.57.96.79,20.57.96.93,20.119.128.9",
            "public_network_access_enabled": true,
            "resource_group_name": "Reist-HWFA-RG",
            "service_plan_id": "/subscriptions/cb0348a2-715f-4add-b029-c521889148e4/resourceGroups/Reist-HWFA-RG/providers/Microsoft.Web/serverfarms/Reist-HWFA-ASP",
            "site_config": [
              {
                "always_on": true,
                "api_definition_url": "",
                "api_management_api_id": "",
                "app_command_line": "",
                "app_scale_limit": 0,
                "app_service_logs": [],
                "application_insights_connection_string": "InstrumentationKey=950d9369-429b-4a5b-aa90-0916cc6e689b;IngestionEndpoint=https://eastus2-3.in.applicationinsights.azure.com/;LiveEndpoint=https://eastus2.livediagnostics.monitor.azure.com/",
                "application_insights_key": "950d9369-429b-4a5b-aa90-0916cc6e689b",
                "application_stack": [
                  {
                    "dotnet_version": "v4.0",
                    "java_version": "",
                    "node_version": "",
                    "powershell_core_version": "7.2",
                    "use_custom_runtime": false,
                    "use_dotnet_isolated_runtime": false
                  }
                ],
                "cors": [],
                "default_documents": [
                  "Default.htm",
                  "Default.html",
                  "Default.asp",
                  "index.htm",
                  "index.html",
                  "iisstart.htm",
                  "default.aspx",
                  "index.php"
                ],
                "detailed_error_logging_enabled": false,
                "elastic_instance_minimum": 0,
                "ftps_state": "Disabled",
                "health_check_eviction_time_in_min": 0,
                "health_check_path": "",
                "http2_enabled": true,
                "ip_restriction": [
                  {
                    "action": "Allow",
                    "headers": [],
                    "ip_address": "73.101.55.199/32",
                    "name": "allowDanReist",
                    "priority": 299,
                    "service_tag": "",
                    "virtual_network_subnet_id": ""
                  },
                  {
                    "action": "Allow",
                    "headers": [],
                    "ip_address": "",
                    "name": "Reist-HWFA-vNet-Main",
                    "priority": 200,
                    "service_tag": "",
                    "virtual_network_subnet_id": "/subscriptions/cb0348a2-715f-4add-b029-c521889148e4/resourceGroups/Reist-HWFA-RG/providers/Microsoft.Network/virtualNetworks/Reist-HWFA-vNet/subnets/Reist-HWFA-vNet-Main"
                  },
                  {
                    "action": "Allow",
                    "headers": [],
                    "ip_address": "",
                    "name": "AzureCloud",
                    "priority": 300,
                    "service_tag": "AzureCloud",
                    "virtual_network_subnet_id": ""
                  }
                ],
                "load_balancing_mode": "LeastRequests",
                "managed_pipeline_mode": "Integrated",
                "minimum_tls_version": "1.2",
                "pre_warmed_instance_count": 0,
                "remote_debugging_enabled": false,
                "remote_debugging_version": "",
                "runtime_scale_monitoring_enabled": false,
                "scm_ip_restriction": [
                  {
                    "action": "Allow",
                    "headers": [],
                    "ip_address": "73.101.55.199/32",
                    "name": "allowDanReist",
                    "priority": 299,
                    "service_tag": "",
                    "virtual_network_subnet_id": ""
                  }
                ],
                "scm_minimum_tls_version": "1.2",
                "scm_type": "None",
                "scm_use_main_ip_restriction": false,
                "use_32_bit_worker": false,
                "vnet_route_all_enabled": true,
                "websockets_enabled": false,
                "windows_fx_version": "",
                "worker_count": 1
              }
            ],
            "site_credential": [
              {
                "name": "$Reist-HWFA-FA",
                "password": "ttazJHhPFz9CJcgzksGTfo4xifcbBkRfKvvqMyENPk6iQ6itpCunRfoacgLD"
              }
            ],
            "sticky_settings": [
              {
                "app_setting_names": [
                  "AzureFunctionsWebHost__hostid",
                  "HubName"
                ],
                "connection_string_names": []
              }
            ],
            "storage_account": [],
            "storage_account_access_key": "",
            "storage_account_name": "reisthwfasa",
            "storage_key_vault_secret_id": "",
            "storage_uses_managed_identity": true,
            "tags": {
              "Application": "Hello World Function App",
              "CreatedBy": "dareist",
              "CreatedDate": "2023-11-16T23:07:25Z"
            },
            "timeouts": null,
            "virtual_network_subnet_id": "/subscriptions/cb0348a2-715f-4add-b029-c521889148e4/resourceGroups/Reist-HWFA-RG/providers/Microsoft.Network/virtualNetworks/Reist-HWFA-vNet/subnets/Reist-HWFA-vNet-Main",
            "zip_deploy_file": ""
          },
          "sensitive_attributes": [
            [
              {
                "type": "get_attr",
                "value": "app_settings"
              },
              {
                "type": "index",
                "value": {
                  "value": "WEBSITE_CONTENTAZUREFILECONNECTIONSTRING",
                  "type": "string"
                }
              }
            ],
            [
              {
                "type": "get_attr",
                "value": "site_config"
              },
              {
                "type": "index",
                "value": {
                  "value": 0,
                  "type": "number"
                }
              },
              {
                "type": "get_attr",
                "value": "application_insights_connection_string"
              }
            ],
            [
              {
                "type": "get_attr",
                "value": "site_config"
              },
              {
                "type": "index",
                "value": {
                  "value": 0,
                  "type": "number"
                }
              },
              {
                "type": "get_attr",
                "value": "application_insights_key"
              }
            ]
          ],
          "private": "eyJlMmJmYjczMC1lY2FhLTExZTYtOGY4OC0zNDM2M2JjN2M0YzAiOnsiY3JlYXRlIjoxODAwMDAwMDAwMDAwLCJkZWxldGUiOjE4MDAwMDAwMDAwMDAsInJlYWQiOjMwMDAwMDAwMDAwMCwidXBkYXRlIjoxODAwMDAwMDAwMDAwfX0=",
          "dependencies": [
            "azurerm_application_insights.app_insights",
            "azurerm_log_analytics_workspace.log_analytics",
            "azurerm_resource_group.resource_group",
            "azurerm_service_plan.service_plan",
            "azurerm_storage_account.function_app",
            "azurerm_storage_share.hello_world",
            "azurerm_subnet.main",
            "azurerm_virtual_network.virtual_network",
            "data.azuread_user.current_user",
            "data.azurerm_client_config.current"
          ]
        }
      ]
    },
    {
      "mode": "managed",
      "type": "null_resource",
      "name": "zip_helloworld",
      "provider": "provider[\"registry.terraform.io/hashicorp/null\"]",
      "instances": [
        {
          "schema_version": 0,
          "attributes": {
            "id": "3731945100885901622",
            "triggers": {
              "helloworld_checksum": "3b1812e66fff7e31305672c1c7bf6e52"
            }
          },
          "sensitive_attributes": [],
          "dependencies": [
            "azurerm_resource_group.resource_group",
            "azurerm_windows_function_app.hello_world"
          ]
        }
      ]
    }
  ],
  "check_results": null
}
